
Microsoft Visual Studio Solution File, Format Version 12.00
# Visual Studio 2013
VisualStudioVersion = 12.0.31101.0
MinimumVisualStudioVersion = 10.0.40219.1
Project("{FAE04EC0-301F-11D3-BF4B-00C04F79EFBC}") = "Excel-REPL", "Excel-REPL\Excel-REPL.csproj", "{2EB259F1-F88C-44C2-8B63-F61522F43595}"
EndProject
Project("{FAE04EC0-301F-11D3-BF4B-00C04F79EFBC}") = "ConsoleApplication1", "ConsoleApplication1\ConsoleApplication1.csproj", "{C0515150-373D-416A-A2AD-904F08A21979}"
EndProject
Project("{54435603-DBB4-11D2-8724-00A0C9A8B90C}") = "Setup2", "Setup2\Setup2.vdproj", "{0FC739F3-17D8-42F0-9747-579693D2C1AC}"
EndProject
Project("{6141683F-8A12-4E36-9623-2EB02B2C2303}") = "Setup5", "Setup5\Setup5.isproj", "{EB97A841-84D8-494C-A778-828120AC86FA}"
EndProject
Global
	GlobalSection(SolutionConfigurationPlatforms) = preSolution
		CD_ROM|Any CPU = CD_ROM|Any CPU
		Debug|Any CPU = Debug|Any CPU
		DVD-5|Any CPU = DVD-5|Any CPU
		Release|Any CPU = Release|Any CPU
		SingleImage|Any CPU = SingleImage|Any CPU
	EndGlobalSection
	GlobalSection(ProjectConfigurationPlatforms) = postSolution
		{2EB259F1-F88C-44C2-8B63-F61522F43595}.CD_ROM|Any CPU.ActiveCfg = Release|Any CPU
		{2EB259F1-F88C-44C2-8B63-F61522F43595}.CD_ROM|Any CPU.Build.0 = Release|Any CPU
		{2EB259F1-F88C-44C2-8B63-F61522F43595}.Debug|Any CPU.ActiveCfg = Debug|Any CPU
		{2EB259F1-F88C-44C2-8B63-F61522F43595}.Debug|Any CPU.Build.0 = Debug|Any CPU
		{2EB259F1-F88C-44C2-8B63-F61522F43595}.DVD-5|Any CPU.ActiveCfg = Debug|Any CPU
		{2EB259F1-F88C-44C2-8B63-F61522F43595}.DVD-5|Any CPU.Build.0 = Debug|Any CPU
		{2EB259F1-F88C-44C2-8B63-F61522F43595}.Release|Any CPU.ActiveCfg = Release|Any CPU
		{2EB259F1-F88C-44C2-8B63-F61522F43595}.Release|Any CPU.Build.0 = Release|Any CPU
		{2EB259F1-F88C-44C2-8B63-F61522F43595}.SingleImage|Any CPU.ActiveCfg = Release|Any CPU
		{2EB259F1-F88C-44C2-8B63-F61522F43595}.SingleImage|Any CPU.Build.0 = Release|Any CPU
		{C0515150-373D-416A-A2AD-904F08A21979}.CD_ROM|Any CPU.ActiveCfg = Release|Any CPU
		{C0515150-373D-416A-A2AD-904F08A21979}.CD_ROM|Any CPU.Build.0 = Release|Any CPU
		{C0515150-373D-416A-A2AD-904F08A21979}.Debug|Any CPU.ActiveCfg = Debug|Any CPU
		{C0515150-373D-416A-A2AD-904F08A21979}.Debug|Any CPU.Build.0 = Debug|Any CPU
		{C0515150-373D-416A-A2AD-904F08A21979}.DVD-5|Any CPU.ActiveCfg = Debug|Any CPU
		{C0515150-373D-416A-A2AD-904F08A21979}.DVD-5|Any CPU.Build.0 = Debug|Any CPU
		{C0515150-373D-416A-A2AD-904F08A21979}.Release|Any CPU.ActiveCfg = Release|Any CPU
		{C0515150-373D-416A-A2AD-904F08A21979}.Release|Any CPU.Build.0 = Release|Any CPU
		{C0515150-373D-416A-A2AD-904F08A21979}.SingleImage|Any CPU.ActiveCfg = Release|Any CPU
		{C0515150-373D-416A-A2AD-904F08A21979}.SingleImage|Any CPU.Build.0 = Release|Any CPU
		{0FC739F3-17D8-42F0-9747-579693D2C1AC}.CD_ROM|Any CPU.ActiveCfg = Release
		{0FC739F3-17D8-42F0-9747-579693D2C1AC}.CD_ROM|Any CPU.Build.0 = Release
		{0FC739F3-17D8-42F0-9747-579693D2C1AC}.Debug|Any CPU.ActiveCfg = Debug
		{0FC739F3-17D8-42F0-9747-579693D2C1AC}.DVD-5|Any CPU.ActiveCfg = Debug
		{0FC739F3-17D8-42F0-9747-579693D2C1AC}.DVD-5|Any CPU.Build.0 = Debug
		{0FC739F3-17D8-42F0-9747-579693D2C1AC}.Release|Any CPU.ActiveCfg = Release
		{0FC739F3-17D8-42F0-9747-579693D2C1AC}.SingleImage|Any CPU.ActiveCfg = Release
		{0FC739F3-17D8-42F0-9747-579693D2C1AC}.SingleImage|Any CPU.Build.0 = Release
		{EB97A841-84D8-494C-A778-828120AC86FA}.CD_ROM|Any CPU.ActiveCfg = CD_ROM
		{EB97A841-84D8-494C-A778-828120AC86FA}.CD_ROM|Any CPU.Build.0 = CD_ROM
		{EB97A841-84D8-494C-A778-828120AC86FA}.Debug|Any CPU.ActiveCfg = DVD-5
		{EB97A841-84D8-494C-A778-828120AC86FA}.Debug|Any CPU.Build.0 = DVD-5
		{EB97A841-84D8-494C-A778-828120AC86FA}.DVD-5|Any CPU.ActiveCfg = DVD-5
		{EB97A841-84D8-494C-A778-828120AC86FA}.DVD-5|Any CPU.Build.0 = DVD-5
		{EB97A841-84D8-494C-A778-828120AC86FA}.Release|Any CPU.ActiveCfg = SingleImage
		{EB97A841-84D8-494C-A778-828120AC86FA}.Release|Any CPU.Build.0 = SingleImage
		{EB97A841-84D8-494C-A778-828120AC86FA}.SingleImage|Any CPU.ActiveCfg = SingleImage
		{EB97A841-84D8-494C-A778-828120AC86FA}.SingleImage|Any CPU.Build.0 = SingleImage
	EndGlobalSection
	GlobalSection(SolutionProperties) = preSolution
		HideSolutionNode = FALSE
	EndGlobalSection
EndGlobal
